
Microsoft Visual Studio Solution File, Format Version 12.00
# Visual Studio Version 17
VisualStudioVersion = 17.14.36623.8 d17.14
MinimumVisualStudioVersion = 10.0.40219.1
Project("{FAE04EC0-301F-11D3-BF4B-00C04F79EFBC}") = "MonitoringConsumer", "MonitoringConsumer\MonitoringConsumer.csproj", "{7E1EF9C5-E8E5-4105-A955-2A772BE74AB6}"
EndProject
Project("{FAE04EC0-301F-11D3-BF4B-00C04F79EFBC}") = "MonitoringApi", "MonitoringApi\MonitoringApi.csproj", "{D7B5B49A-2CF4-4964-A579-D878C91AD509}"
EndProject
Global
	GlobalSection(SolutionConfigurationPlatforms) = preSolution
		Debug|Any CPU = Debug|Any CPU
		Release|Any CPU = Release|Any CPU
	EndGlobalSection
	GlobalSection(ProjectConfigurationPlatforms) = postSolution
		{7E1EF9C5-E8E5-4105-A955-2A772BE74AB6}.Debug|Any CPU.ActiveCfg = Debug|Any CPU
		{7E1EF9C5-E8E5-4105-A955-2A772BE74AB6}.Debug|Any CPU.Build.0 = Debug|Any CPU
		{7E1EF9C5-E8E5-4105-A955-2A772BE74AB6}.Release|Any CPU.ActiveCfg = Release|Any CPU
		{7E1EF9C5-E8E5-4105-A955-2A772BE74AB6}.Release|Any CPU.Build.0 = Release|Any CPU
		{D7B5B49A-2CF4-4964-A579-D878C91AD509}.Debug|Any CPU.ActiveCfg = Debug|Any CPU
		{D7B5B49A-2CF4-4964-A579-D878C91AD509}.Debug|Any CPU.Build.0 = Debug|Any CPU
		{D7B5B49A-2CF4-4964-A579-D878C91AD509}.Release|Any CPU.ActiveCfg = Release|Any CPU
		{D7B5B49A-2CF4-4964-A579-D878C91AD509}.Release|Any CPU.Build.0 = Release|Any CPU
	EndGlobalSection
	GlobalSection(SolutionProperties) = preSolution
		HideSolutionNode = FALSE
	EndGlobalSection
	GlobalSection(ExtensibilityGlobals) = postSolution
		SolutionGuid = {A5862383-19CD-4AC9-94C7-27594CFF8BA2}
	EndGlobalSection
EndGlobal
